
Microsoft Visual Studio Solution File, Format Version 12.00
# Visual Studio Version 16
VisualStudioVersion = 16.0.34114.132
MinimumVisualStudioVersion = 10.0.40219.1
Project("{FAE04EC0-301F-11D3-BF4B-00C04F79EFBC}") = "AffixFileConverter", "AffixFileConverter.csproj", "{58BB2DFB-6124-4E9E-A36C-CA4D2F3EE889}"
EndProject
Global
	GlobalSection(SolutionConfigurationPlatforms) = preSolution
		Debug|Any CPU = Debug|Any CPU
		Release|Any CPU = Release|Any CPU
	EndGlobalSection
	GlobalSection(ProjectConfigurationPlatforms) = postSolution
		{58BB2DFB-6124-4E9E-A36C-CA4D2F3EE889}.Debug|Any CPU.ActiveCfg = Debug|Any CPU
		{58BB2DFB-6124-4E9E-A36C-CA4D2F3EE889}.Debug|Any CPU.Build.0 = Debug|Any CPU
		{58BB2DFB-6124-4E9E-A36C-CA4D2F3EE889}.Release|Any CPU.ActiveCfg = Release|Any CPU
		{58BB2DFB-6124-4E9E-A36C-CA4D2F3EE889}.Release|Any CPU.Build.0 = Release|Any CPU
	EndGlobalSection
	GlobalSection(SolutionProperties) = preSolution
		HideSolutionNode = FALSE
	EndGlobalSection
	GlobalSection(ExtensibilityGlobals) = postSolution
		SolutionGuid = {9527B7D3-77A8-4932-BCC0-54988F856A71}
	EndGlobalSection
EndGlobal
